
Microsoft Visual Studio Solution File, Format Version 12.00
Project("{FAE04EC0-301F-11D3-BF4B-00C04F79EFBC}") = "Bin2Dec", "Bin2Dec\Bin2Dec.csproj", "{5AF39AF7-12AE-4112-A025-52C24C419245}"
EndProject
Global
	GlobalSection(SolutionConfigurationPlatforms) = preSolution
		Debug|Any CPU = Debug|Any CPU
		Release|Any CPU = Release|Any CPU
	EndGlobalSection
	GlobalSection(ProjectConfigurationPlatforms) = postSolution
		{5AF39AF7-12AE-4112-A025-52C24C419245}.Debug|Any CPU.ActiveCfg = Debug|Any CPU
		{5AF39AF7-12AE-4112-A025-52C24C419245}.Debug|Any CPU.Build.0 = Debug|Any CPU
		{5AF39AF7-12AE-4112-A025-52C24C419245}.Release|Any CPU.ActiveCfg = Release|Any CPU
		{5AF39AF7-12AE-4112-A025-52C24C419245}.Release|Any CPU.Build.0 = Release|Any CPU
	EndGlobalSection
EndGlobal
